# This file is automatically @generated by Cargo.
# It is not intended for manual editing.
[[package]]
name = "autocfg"
version = "0.1.5"
source = "registry+https://github.com/rust-lang/crates.io-index"

[[package]]
name = "rand_core"
version = "0.5.0"
source = "registry+https://github.com/rust-lang/crates.io-index"

[[package]]
name = "rand_pcg"
version = "0.2.0"
source = "registry+https://github.com/rust-lang/crates.io-index"
dependencies = [
 "autocfg 0.1.5 (registry+https://github.com/rust-lang/crates.io-index)",
 "rand_core 0.5.0 (registry+https://github.com/rust-lang/crates.io-index)",
]

[[package]]
name = "rng-tsan-min-repro"
version = "0.1.0"
dependencies = [
 "rand_core 0.5.0 (registry+https://github.com/rust-lang/crates.io-index)",
 "rand_pcg 0.2.0 (registry+https://github.com/rust-lang/crates.io-index)",
]

[metadata]
"checksum autocfg 0.1.5 (registry+https://github.com/rust-lang/crates.io-index)" = "22130e92352b948e7e82a49cdb0aa94f2211761117f29e052dd397c1ac33542b"
"checksum rand_core 0.5.0 (registry+https://github.com/rust-lang/crates.io-index)" = "615e683324e75af5d43d8f7a39ffe3ee4a9dc42c5c701167a71dc59c3a493aca"
"checksum rand_pcg 0.2.0 (registry+https://github.com/rust-lang/crates.io-index)" = "3e196346cbbc5c70c77e7b4926147ee8e383a38ee4d15d58a08098b169e492b6"
